
Microsoft Visual Studio Solution File, Format Version 12.00
# Visual Studio 15
VisualStudioVersion = 15.0.28010.2036
MinimumVisualStudioVersion = 10.0.40219.1
Project("{FAE04EC0-301F-11D3-BF4B-00C04F79EFBC}") = "AbstractDroneClass", "AbstractDroneClass\AbstractDroneClass.csproj", "{B6310F80-4B7D-4025-824B-387B20619B4E}"
EndProject
Global
	GlobalSection(SolutionConfigurationPlatforms) = preSolution
		Debug|Any CPU = Debug|Any CPU
		Release|Any CPU = Release|Any CPU
	EndGlobalSection
	GlobalSection(ProjectConfigurationPlatforms) = postSolution
		{B6310F80-4B7D-4025-824B-387B20619B4E}.Debug|Any CPU.ActiveCfg = Debug|Any CPU
		{B6310F80-4B7D-4025-824B-387B20619B4E}.Debug|Any CPU.Build.0 = Debug|Any CPU
		{B6310F80-4B7D-4025-824B-387B20619B4E}.Release|Any CPU.ActiveCfg = Release|Any CPU
		{B6310F80-4B7D-4025-824B-387B20619B4E}.Release|Any CPU.Build.0 = Release|Any CPU
	EndGlobalSection
	GlobalSection(SolutionProperties) = preSolution
		HideSolutionNode = FALSE
	EndGlobalSection
	GlobalSection(ExtensibilityGlobals) = postSolution
		SolutionGuid = {C52B526E-5CFA-461C-8DD5-F887C4A46061}
	EndGlobalSection
EndGlobal
